
Microsoft Visual Studio Solution File, Format Version 12.00
# Visual Studio Version 17
VisualStudioVersion = 17.14.36811.4 d17.14
MinimumVisualStudioVersion = 10.0.40219.1
Project("{FAE04EC0-301F-11D3-BF4B-00C04F79EFBC}") = "x-gpt", "x-gpt.csproj", "{AE7543A9-328F-4A78-8367-CED5E5E04158}"
EndProject
Global
	GlobalSection(SolutionConfigurationPlatforms) = preSolution
		Debug|Any CPU = Debug|Any CPU
		Release|Any CPU = Release|Any CPU
	EndGlobalSection
	GlobalSection(ProjectConfigurationPlatforms) = postSolution
		{AE7543A9-328F-4A78-8367-CED5E5E04158}.Debug|Any CPU.ActiveCfg = Debug|Any CPU
		{AE7543A9-328F-4A78-8367-CED5E5E04158}.Debug|Any CPU.Build.0 = Debug|Any CPU
		{AE7543A9-328F-4A78-8367-CED5E5E04158}.Release|Any CPU.ActiveCfg = Release|Any CPU
		{AE7543A9-328F-4A78-8367-CED5E5E04158}.Release|Any CPU.Build.0 = Release|Any CPU
	EndGlobalSection
	GlobalSection(SolutionProperties) = preSolution
		HideSolutionNode = FALSE
	EndGlobalSection
	GlobalSection(ExtensibilityGlobals) = postSolution
		SolutionGuid = {C330D0CE-4EC2-4B9B-98F4-4CDA27FBFBC5}
	EndGlobalSection
EndGlobal
